<?xml version="1.0" encoding="utf-8"?>
<Project ToolsVersion="4.0" xmlns="http://schemas.microsoft.com/developer/msbuild/2003">
  <ItemGroup>
    <Filter Include="Source Files">
      <UniqueIdentifier>{4FC737F1-C7A5-4376-A066-2A32D752A2FF}</UniqueIdentifier>
      <Extensions>cpp;c;cxx;def;odl;idl;hpj;bat;asm;asmx</Extensions>
    </Filter>
    <Filter Include="Source Files\modules">
      <UniqueIdentifier>{84debf5c-ce0e-4b37-b581-8a4ad90f964f}</UniqueIdentifier>
    </Filter>
    <Filter Include="Source Files\modules\g711">
      <UniqueIdentifier>{2163e8d6-a9ff-4e2e-8dfb-02f46a8b6876}</UniqueIdentifier>
    </Filter>
    <Filter Include="Source Files\modules\cons">
      <UniqueIdentifier>{fdbf451c-c401-41c5-91c3-fe7b6dc458c8}</UniqueIdentifier>
    </Filter>
    <Filter Include="Source Files\modules\winwave">
      <UniqueIdentifier>{dcee4f65-41fb-4627-887a-dc4983f27881}</UniqueIdentifier>
    </Filter>
    <Filter Include="Header Files">
      <UniqueIdentifier>{93995380-89BD-4b04-88EB-625FBE52EBFB}</UniqueIdentifier>
      <Extensions>h;hpp;hxx;hm;inl;inc;xsd</Extensions>
    </Filter>
    <Filter Include="Resource Files">
      <UniqueIdentifier>{67DA6AB6-F800-4c08-8B7A-83BB121AAD01}</UniqueIdentifier>
      <Extensions>rc;ico;cur;bmp;dlg;rc2;rct;bin;rgs;gif;jpg;jpeg;jpe;resx</Extensions>
    </Filter>
    <Filter Include="Source Files\win32">
      <UniqueIdentifier>{cf14289b-193f-4ee0-9a48-5063b2961a52}</UniqueIdentifier>
    </Filter>
    <Filter Include="Source Files\modules\sinwave">
      <UniqueIdentifier>{44a5ca7e-d65c-4c9e-b096-08cdb974559d}</UniqueIdentifier>
    </Filter>
    <Filter Include="Source Files\modules\repeat">
      <UniqueIdentifier>{8c944be7-a662-4c2d-afc4-e32c57699517}</UniqueIdentifier>
    </Filter>
    <Filter Include="Source Files\modules\testplayer">
      <UniqueIdentifier>{cc64e5fb-b141-4d0d-b0b4-2e6e490d2aed}</UniqueIdentifier>
    </Filter>
  </ItemGroup>
  <ItemGroup>
    <ClCompile Include="..\..\src\aucodec.c">
      <Filter>Source Files</Filter>
    </ClCompile>
    <ClCompile Include="..\..\src\audio.c">
      <Filter>Source Files</Filter>
    </ClCompile>
    <ClCompile Include="..\..\src\aufilt.c">
      <Filter>Source Files</Filter>
    </ClCompile>
    <ClCompile Include="..\..\src\auplay.c">
      <Filter>Source Files</Filter>
    </ClCompile>
    <ClCompile Include="..\..\src\ausrc.c">
      <Filter>Source Files</Filter>
    </ClCompile>
    <ClCompile Include="..\..\src\bfcp.c">
      <Filter>Source Files</Filter>
    </ClCompile>
    <ClCompile Include="..\..\src\call.c">
      <Filter>Source Files</Filter>
    </ClCompile>
    <ClCompile Include="..\..\src\cmd.c">
      <Filter>Source Files</Filter>
    </ClCompile>
    <ClCompile Include="..\..\src\conf.c">
      <Filter>Source Files</Filter>
    </ClCompile>
    <ClCompile Include="..\..\src\contact.c">
      <Filter>Source Files</Filter>
    </ClCompile>
    <ClCompile Include="..\..\src\main.c">
      <Filter>Source Files</Filter>
    </ClCompile>
    <ClCompile Include="..\..\src\mctrl.c">
      <Filter>Source Files</Filter>
    </ClCompile>
    <ClCompile Include="..\..\src\menc.c">
      <Filter>Source Files</Filter>
    </ClCompile>
    <ClCompile Include="..\..\src\message.c">
      <Filter>Source Files</Filter>
    </ClCompile>
    <ClCompile Include="..\..\src\mnat.c">
      <Filter>Source Files</Filter>
    </ClCompile>
    <ClCompile Include="..\..\src\module.c">
      <Filter>Source Files</Filter>
    </ClCompile>
    <ClCompile Include="..\..\src\net.c">
      <Filter>Source Files</Filter>
    </ClCompile>
    <ClCompile Include="..\..\src\play.c">
      <Filter>Source Files</Filter>
    </ClCompile>
    <ClCompile Include="..\..\src\reg.c">
      <Filter>Source Files</Filter>
    </ClCompile>
    <ClCompile Include="..\..\src\rtpkeep.c">
      <Filter>Source Files</Filter>
    </ClCompile>
    <ClCompile Include="static.c">
      <Filter>Source Files</Filter>
    </ClCompile>
    <ClCompile Include="..\..\src\sdp.c">
      <Filter>Source Files</Filter>
    </ClCompile>
    <ClCompile Include="..\..\src\stream.c">
      <Filter>Source Files</Filter>
    </ClCompile>
    <ClCompile Include="..\..\src\sipreq.c">
      <Filter>Source Files</Filter>
    </ClCompile>
    <ClCompile Include="..\..\src\ua.c">
      <Filter>Source Files</Filter>
    </ClCompile>
    <ClCompile Include="..\..\src\ui.c">
      <Filter>Source Files</Filter>
    </ClCompile>
    <ClCompile Include="..\..\src\vidcodec.c">
      <Filter>Source Files</Filter>
    </ClCompile>
    <ClCompile Include="..\..\src\vidfilt.c">
      <Filter>Source Files</Filter>
    </ClCompile>
    <ClCompile Include="..\..\src\video.c">
      <Filter>Source Files</Filter>
    </ClCompile>
    <ClCompile Include="..\..\src\vidisp.c">
      <Filter>Source Files</Filter>
    </ClCompile>
    <ClCompile Include="..\..\src\vidsrc.c">
      <Filter>Source Files</Filter>
    </ClCompile>
    <ClCompile Include="..\..\modules\g711\g711.c">
      <Filter>Source Files\modules\g711</Filter>
    </ClCompile>
    <ClCompile Include="..\..\modules\cons\cons.c">
      <Filter>Source Files\modules\cons</Filter>
    </ClCompile>
    <ClCompile Include="..\..\modules\winwave\winwave.c">
      <Filter>Source Files\modules\winwave</Filter>
    </ClCompile>
    <ClCompile Include="..\..\modules\auloop\auloop.c">
      <Filter>Source Files</Filter>
    </ClCompile>
    <ClCompile Include="..\..\modules\avcodec\avcodec.c">
      <Filter>Source Files</Filter>
    </ClCompile>
    <ClCompile Include="..\..\modules\avcodec\decode.c">
      <Filter>Source Files</Filter>
    </ClCompile>
    <ClCompile Include="..\..\modules\avcodec\encode.c">
      <Filter>Source Files</Filter>
    </ClCompile>
    <ClCompile Include="..\..\modules\avcodec\h263.c">
      <Filter>Source Files</Filter>
    </ClCompile>
    <ClCompile Include="..\..\modules\avcodec\h264.c">
      <Filter>Source Files</Filter>
    </ClCompile>
    <ClCompile Include="..\..\modules\dshow\dshow.cpp">
      <Filter>Source Files</Filter>
    </ClCompile>
    <ClCompile Include="..\..\modules\ice\ice.c">
      <Filter>Source Files</Filter>
    </ClCompile>
    <ClCompile Include="..\..\modules\stun\stun.c">
      <Filter>Source Files</Filter>
    </ClCompile>
    <ClCompile Include="..\..\modules\turn\turn.c">
      <Filter>Source Files</Filter>
    </ClCompile>
    <ClCompile Include="..\..\modules\uuid\uuid.c">
      <Filter>Source Files</Filter>
    </ClCompile>
    <ClCompile Include="..\..\modules\vidloop\vidloop.c">
      <Filter>Source Files</Filter>
    </ClCompile>
    <ClCompile Include="..\..\modules\vumeter\vumeter.c">
      <Filter>Source Files</Filter>
    </ClCompile>
    <ClCompile Include="..\..\modules\wincons\wincons.c">
      <Filter>Source Files</Filter>
    </ClCompile>
    <ClCompile Include="..\..\src\account.c">
      <Filter>Source Files</Filter>
    </ClCompile>
    <ClCompile Include="..\..\src\config.c">
      <Filter>Source Files</Filter>
    </ClCompile>
    <ClCompile Include="..\..\src\log.c">
      <Filter>Source Files</Filter>
    </ClCompile>
    <ClCompile Include="..\..\src\metric.c">
      <Filter>Source Files</Filter>
    </ClCompile>
    <ClCompile Include="..\..\src\dirent.c">
      <Filter>Source Files</Filter>
    </ClCompile>
    <ClCompile Include="..\..\modules\sinwave\sinwave.src.c">
      <Filter>Source Files\modules\sinwave</Filter>
    </ClCompile>
    <ClCompile Include="..\..\modules\sinwave\sinwave.play.c">
      <Filter>Source Files\modules\sinwave</Filter>
    </ClCompile>
    <ClCompile Include="..\..\modules\sinwave\sinwave.c">
      <Filter>Source Files\modules\sinwave</Filter>
    </ClCompile>
    <ClCompile Include="..\..\modules\winwave\winwave.play.c">
      <Filter>Source Files\modules\winwave</Filter>
    </ClCompile>
    <ClCompile Include="..\..\modules\winwave\winwave.src.c">
      <Filter>Source Files\modules\winwave</Filter>
    </ClCompile>
    <ClCompile Include="..\..\src\lib_config.c">
      <Filter>Source Files</Filter>
    </ClCompile>
    <ClCompile Include="..\..\src\lib_main.c">
      <Filter>Source Files</Filter>
    </ClCompile>
    <ClCompile Include="..\..\modules\testplayer\testplayer.play.c">
      <Filter>Source Files\modules\testplayer</Filter>
    </ClCompile>
    <ClCompile Include="..\..\modules\testplayer\testplayer.src.c">
      <Filter>Source Files\modules\testplayer</Filter>
    </ClCompile>
    <ClCompile Include="..\..\modules\testplayer\testplayer.c">
      <Filter>Source Files\modules\testplayer</Filter>
    </ClCompile>
    <ClCompile Include="..\..\modules\account\account.c">
      <Filter>Source Files\modules</Filter>
    </ClCompile>
    <ClCompile Include="..\..\modules\menu\menu.c">
      <Filter>Source Files\modules</Filter>
    </ClCompile>
    <ClCompile Include="..\..\modules\contact\contact.c">
      <Filter>Source Files\modules</Filter>
    </ClCompile>
  </ItemGroup>
  <ItemGroup>
    <ClInclude Include="stdafx.h">
      <Filter>Header Files</Filter>
    </ClInclude>
    <ClInclude Include="..\..\modules\avcodec\avcodec.h">
      <Filter>Header Files</Filter>
    </ClInclude>
    <ClInclude Include="..\..\modules\avcodec\h26x.h">
      <Filter>Header Files</Filter>
    </ClInclude>
    <ClInclude Include="include\inttypes.h">
      <Filter>Header Files</Filter>
    </ClInclude>
    <ClInclude Include="include\stdint.h">
      <Filter>Header Files</Filter>
    </ClInclude>
    <ClInclude Include="qedit.h">
      <Filter>Header Files</Filter>
    </ClInclude>
    <ClInclude Include="..\..\modules\sinwave\sinwave.h">
      <Filter>Source Files\modules\sinwave</Filter>
    </ClInclude>
    <ClInclude Include="..\..\modules\winwave\winwave.h">
      <Filter>Source Files\modules\winwave</Filter>
    </ClInclude>
    <ClInclude Include="..\..\modules\testplayer\testplayer.h">
      <Filter>Source Files\modules\testplayer</Filter>
    </ClInclude>
  </ItemGroup>
</Project>